<?xml version="1.0" encoding="utf-8"?>
<Project ToolsVersion="4.0" xmlns="http://schemas.microsoft.com/developer/msbuild/2003">
  <ItemGroup>
    <Filter Include="Файлы исходного кода">
      <UniqueIdentifier>{4FC737F1-C7A5-4376-A066-2A32D752A2FF}</UniqueIdentifier>
      <Extensions>cpp;c;cc;cxx;def;odl;idl;hpj;bat;asm;asmx</Extensions>
    </Filter>
    <Filter Include="Заголовочные файлы">
      <UniqueIdentifier>{93995380-89BD-4b04-88EB-625FBE52EBFB}</UniqueIdentifier>
      <Extensions>h;hh;hpp;hxx;hm;inl;inc;xsd</Extensions>
    </Filter>
    <Filter Include="Файлы ресурсов">
      <UniqueIdentifier>{67DA6AB6-F800-4c08-8B7A-83BB121AAD01}</UniqueIdentifier>
      <Extensions>rc;ico;cur;bmp;dlg;rc2;rct;bin;rgs;gif;jpg;jpeg;jpe;resx;tiff;tif;png;wav;mfcribbon-ms</Extensions>
    </Filter>
  </ItemGroup>
  <ItemGroup>
    <ClCompile Include="Helpers\Functions.cpp">
      <Filter>Файлы исходного кода</Filter>
    </ClCompile>
    <ClCompile Include="Mhook\disasm-lib\cpu.c">
      <Filter>Файлы исходного кода</Filter>
    </ClCompile>
    <ClCompile Include="Mhook\disasm-lib\disasm.c">
      <Filter>Файлы исходного кода</Filter>
    </ClCompile>
    <ClCompile Include="Mhook\disasm-lib\disasm_x86.c">
      <Filter>Файлы исходного кода</Filter>
    </ClCompile>
    <ClCompile Include="Mhook\disasm-lib\misc.c">
      <Filter>Файлы исходного кода</Filter>
    </ClCompile>
    <ClCompile Include="Mhook\mhook-lib\mhook.cpp">
      <Filter>Файлы исходного кода</Filter>
    </ClCompile>
    <ClCompile Include="Tools\Memory\AwBreakPoint.cpp">
      <Filter>Файлы исходного кода</Filter>
    </ClCompile>
    <ClCompile Include="Tools\Memory\Patcher.cpp">
      <Filter>Файлы исходного кода</Filter>
    </ClCompile>
    <ClCompile Include="Tools\BreakPoints.cpp">
      <Filter>Файлы исходного кода</Filter>
    </ClCompile>
    <ClCompile Include="Containers\Containers.cpp">
      <Filter>Файлы исходного кода</Filter>
    </ClCompile>
    <ClCompile Include="Containers\Unpacker.cpp">
      <Filter>Файлы исходного кода</Filter>
    </ClCompile>
    <ClCompile Include="client\VisualConstructor\VisualMob.cpp">
      <Filter>Файлы исходного кода</Filter>
    </ClCompile>
    <ClCompile Include="Unpack\Module.cpp">
      <Filter>Файлы исходного кода</Filter>
    </ClCompile>
    <ClCompile Include="Unpack\Redirector.cpp">
      <Filter>Файлы исходного кода</Filter>
    </ClCompile>
    <ClCompile Include="Unpack\Unpacking.cpp">
      <Filter>Файлы исходного кода</Filter>
    </ClCompile>
    <ClCompile Include="Enums\Elements\Animation.cpp">
      <Filter>Файлы исходного кода</Filter>
    </ClCompile>
    <ClCompile Include="Enums\Elements\Items.cpp">
      <Filter>Файлы исходного кода</Filter>
    </ClCompile>
    <ClCompile Include="client\VisualConstructor\VisualMount.cpp">
      <Filter>Файлы исходного кода</Filter>
    </ClCompile>
    <ClCompile Include="client\VisualConstructor\VisCharacterTemplate.cpp">
      <Filter>Файлы исходного кода</Filter>
    </ClCompile>
    <ClCompile Include="Unpack\CheckingXDB.cpp">
      <Filter>Файлы исходного кода</Filter>
    </ClCompile>
    <ClCompile Include="client\Sound\FMODProject.cpp">
      <Filter>Файлы исходного кода</Filter>
    </ClCompile>
    <ClCompile Include="client\Scene3D\Geometry.cpp">
      <Filter>Файлы исходного кода</Filter>
    </ClCompile>
    <ClCompile Include="client\Map\ZoneInfo.cpp">
      <Filter>Файлы исходного кода</Filter>
    </ClCompile>
    <ClCompile Include="client\Scene3D\AstralMaterialParams.cpp">
      <Filter>Файлы исходного кода</Filter>
    </ClCompile>
    <ClCompile Include="client\Scene3D\CommonMaterialParams.cpp">
      <Filter>Файлы исходного кода</Filter>
    </ClCompile>
    <ClCompile Include="client\Scene3D\PointLitMaterialParams.cpp">
      <Filter>Файлы исходного кода</Filter>
    </ClCompile>
    <ClCompile Include="client\Scene3D\SkyMaterialParams.cpp">
      <Filter>Файлы исходного кода</Filter>
    </ClCompile>
    <ClCompile Include="client\Scene3D\SkeletalAnimation.cpp">
      <Filter>Файлы исходного кода</Filter>
    </ClCompile>
    <ClCompile Include="client\VisualConstructor\AnimationProperties.cpp">
      <Filter>Файлы исходного кода</Filter>
    </ClCompile>
    <ClCompile Include="client\RenderCommon\Texture.cpp">
      <Filter>Файлы исходного кода</Filter>
    </ClCompile>
    <ClCompile Include="client\SLON\AlignCollisionComponent.cpp">
      <Filter>Файлы исходного кода</Filter>
    </ClCompile>
    <ClCompile Include="client\VisualConstructor\AnimationFromParentComponent.cpp">
      <Filter>Файлы исходного кода</Filter>
    </ClCompile>
    <ClCompile Include="client\VisualConstructor\AstralComponent.cpp">
      <Filter>Файлы исходного кода</Filter>
    </ClCompile>
    <ClCompile Include="client\SLON\AttachCameraSlotComponent.cpp">
      <Filter>Файлы исходного кода</Filter>
    </ClCompile>
    <ClCompile Include="client\Scene\AttachedVisObjectComponent.cpp">
      <Filter>Файлы исходного кода</Filter>
    </ClCompile>
    <ClCompile Include="client\Scene\VisObjectTemplate.cpp">
      <Filter>Файлы исходного кода</Filter>
    </ClCompile>
    <ClCompile Include="client\SLON\CameraPathComponent.cpp">
      <Filter>Файлы исходного кода</Filter>
    </ClCompile>
    <ClCompile Include="client\SLON\CameraShakerComponent.cpp">
      <Filter>Файлы исходного кода</Filter>
    </ClCompile>
    <ClCompile Include="client\Scene\ChainAnimatorComponent.cpp">
      <Filter>Файлы исходного кода</Filter>
    </ClCompile>
    <ClCompile Include="client\SLON\ChannelingComponent.cpp">
      <Filter>Файлы исходного кода</Filter>
    </ClCompile>
    <ClCompile Include="Enums\Elements\SLON.cpp">
      <Filter>Файлы исходного кода</Filter>
    </ClCompile>
    <ClCompile Include="client\Scene\ColorMaskComponent.cpp">
      <Filter>Файлы исходного кода</Filter>
    </ClCompile>
    <ClCompile Include="client\SLON\CustomIdleComponent.cpp">
      <Filter>Файлы исходного кода</Filter>
    </ClCompile>
    <ClCompile Include="client\VisualConstructor\DayTimeComponent.cpp">
      <Filter>Файлы исходного кода</Filter>
    </ClCompile>
    <ClCompile Include="client\Scene\DelayComponent.cpp">
      <Filter>Файлы исходного кода</Filter>
    </ClCompile>
    <ClCompile Include="client\SLON\GuildColorsMaskComponent.cpp">
      <Filter>Файлы исходного кода</Filter>
    </ClCompile>
    <ClCompile Include="client\Scene\LightComponent.cpp">
      <Filter>Файлы исходного кода</Filter>
    </ClCompile>
    <ClCompile Include="client\VisualConstructor\LightMutatorComponent.cpp">
      <Filter>Файлы исходного кода</Filter>
    </ClCompile>
    <ClCompile Include="client\Scene\RandomComponent.cpp">
      <Filter>Файлы исходного кода</Filter>
    </ClCompile>
    <ClCompile Include="client\SLON\ServerTimeComponent.cpp">
      <Filter>Файлы исходного кода</Filter>
    </ClCompile>
    <ClCompile Include="client\VisualConstructor\SkyObject.cpp">
      <Filter>Файлы исходного кода</Filter>
    </ClCompile>
    <ClCompile Include="client\VisualConstructor\StateComponent.cpp">
      <Filter>Файлы исходного кода</Filter>
    </ClCompile>
    <ClCompile Include="client\Scene\StopVisObjectComponents.cpp">
      <Filter>Файлы исходного кода</Filter>
    </ClCompile>
    <ClCompile Include="client\VisualConstructor\SunShaftsComponent.cpp">
      <Filter>Файлы исходного кода</Filter>
    </ClCompile>
    <ClCompile Include="client\Scene\TimeTransparencyComponent.cpp">
      <Filter>Файлы исходного кода</Filter>
    </ClCompile>
    <ClCompile Include="client\SLON\TLVisualComponent.cpp">
      <Filter>Файлы исходного кода</Filter>
    </ClCompile>
    <ClCompile Include="client\VisualConstructor\TrailComponent.cpp">
      <Filter>Файлы исходного кода</Filter>
    </ClCompile>
    <ClCompile Include="client\Scene\VisObjComponentsFile.cpp">
      <Filter>Файлы исходного кода</Filter>
    </ClCompile>
    <ClCompile Include="client\Map\WeatherVisObjComponent.cpp">
      <Filter>Файлы исходного кода</Filter>
    </ClCompile>
    <ClCompile Include="client\VisualConstructor\VisualMobTroopExtension.cpp">
      <Filter>Файлы исходного кода</Filter>
    </ClCompile>
    <ClCompile Include="client\Replica\CameraParametersAction.cpp">
      <Filter>Файлы исходного кода</Filter>
    </ClCompile>
    <ClCompile Include="client\SLON\CameraTrackAction.cpp">
      <Filter>Файлы исходного кода</Filter>
    </ClCompile>
    <ClCompile Include="client\Replica\CreatureAnimationAction.cpp">
      <Filter>Файлы исходного кода</Filter>
    </ClCompile>
    <ClCompile Include="Enums\Elements\Replica.cpp">
      <Filter>Файлы исходного кода</Filter>
    </ClCompile>
    <ClCompile Include="client\Replica\CreatureAnimationFromCasterAction.cpp">
      <Filter>Файлы исходного кода</Filter>
    </ClCompile>
    <ClCompile Include="client\Replica\CreatureAnimationSetModeAction.cpp">
      <Filter>Файлы исходного кода</Filter>
    </ClCompile>
    <ClCompile Include="client\Replica\CreatureAnimationSetSpeedAction.cpp">
      <Filter>Файлы исходного кода</Filter>
    </ClCompile>
    <ClCompile Include="client\Replica\CreatureAnimationStopAction.cpp">
      <Filter>Файлы исходного кода</Filter>
    </ClCompile>
    <ClCompile Include="client\Replica\CreatureAstralSpellFXVisAction.cpp">
      <Filter>Файлы исходного кода</Filter>
    </ClCompile>
    <ClCompile Include="client\Replica\AstralSpellChanneling.cpp">
      <Filter>Файлы исходного кода</Filter>
    </ClCompile>
    <ClCompile Include="client\Replica\AstralSpellProjectile.cpp">
      <Filter>Файлы исходного кода</Filter>
    </ClCompile>
    <ClCompile Include="client\Replica\CreatureAttachSelfAction.cpp">
      <Filter>Файлы исходного кода</Filter>
    </ClCompile>
    <ClCompile Include="client\Replica\CreatureAttackTargetVisAction.cpp">
      <Filter>Файлы исходного кода</Filter>
    </ClCompile>
    <ClCompile Include="AllodsV7.cpp">
      <Filter>Файлы исходного кода</Filter>
    </ClCompile>
    <ClCompile Include="client\Replica\CreatureCancelMountHidingVisAction.cpp">
      <Filter>Файлы исходного кода</Filter>
    </ClCompile>
    <ClCompile Include="client\Replica\CreatureChangeAppearanceAction.cpp">
      <Filter>Файлы исходного кода</Filter>
    </ClCompile>
    <ClCompile Include="client\Replica\CreatureChangeVisItemsAction.cpp">
      <Filter>Файлы исходного кода</Filter>
    </ClCompile>
    <ClCompile Include="client\VisualConstructor\MobAnimations.cpp">
      <Filter>Файлы исходного кода</Filter>
    </ClCompile>
    <ClCompile Include="client\Widgets\UISingleTexture.cpp">
      <Filter>Файлы исходного кода</Filter>
    </ClCompile>
    <ClCompile Include="client\Widgets\UITexture.cpp">
      <Filter>Файлы исходного кода</Filter>
    </ClCompile>
    <ClCompile Include="gameMechanics\constructor\schemes\mount\MountSkin.cpp">
      <Filter>Файлы исходного кода</Filter>
    </ClCompile>
    <ClCompile Include="client\VisualConstructor\VisualMountClass.cpp">
      <Filter>Файлы исходного кода</Filter>
    </ClCompile>
    <ClCompile Include="gameMechanics\constructor\schemes\item\ItemResource.cpp">
      <Filter>Файлы исходного кода</Filter>
    </ClCompile>
    <ClCompile Include="gameMechanics\constructor\schemes\unlock\UnlockResource.cpp">
      <Filter>Файлы исходного кода</Filter>
    </ClCompile>
    <ClCompile Include="gameMechanics\constructor\schemes\mount\MountResource.cpp">
      <Filter>Файлы исходного кода</Filter>
    </ClCompile>
    <ClCompile Include="gameMechanics\elements\calcers\OverLevelPenaltyCalcer.cpp">
      <Filter>Файлы исходного кода</Filter>
    </ClCompile>
    <ClCompile Include="gameMechanics\constructor\schemes\spell\Spell.cpp">
      <Filter>Файлы исходного кода</Filter>
    </ClCompile>
    <ClCompile Include="Enums\Elements\Spells.cpp">
      <Filter>Файлы исходного кода</Filter>
    </ClCompile>
    <ClCompile Include="gameMechanics\constructor\schemes\mount\SkinListResource.cpp">
      <Filter>Файлы исходного кода</Filter>
    </ClCompile>
    <ClCompile Include="gameMechanics\constructor\schemes\mount\MountGroupResource.cpp">
      <Filter>Файлы исходного кода</Filter>
    </ClCompile>
    <ClCompile Include="client\Animation\ParticleAnimation.cpp">
      <Filter>Файлы исходного кода</Filter>
    </ClCompile>
    <ClCompile Include="client\Scene\ClolorFromPrimeSecondary.cpp">
      <Filter>Файлы исходного кода</Filter>
    </ClCompile>
    <ClCompile Include="client\RenderCommon\TextureSingleElement.cpp">
      <Filter>Файлы исходного кода</Filter>
    </ClCompile>
    <ClCompile Include="client\VisualConstructor\CharacterVariations.cpp">
      <Filter>Файлы исходного кода</Filter>
    </ClCompile>
    <ClCompile Include="gameMechanics\constructor\schemes\item\VisualItem.cpp">
      <Filter>Файлы исходного кода</Filter>
    </ClCompile>
    <ClCompile Include="client\VisualConstructor\VICAttachedComponentByCharFiltered.cpp">
      <Filter>Файлы исходного кода</Filter>
    </ClCompile>
    <ClCompile Include="client\VisualConstructor\VICDynamic.cpp">
      <Filter>Файлы исходного кода</Filter>
    </ClCompile>
    <ClCompile Include="client\VisualConstructor\VICHideAttachedObj.cpp">
      <Filter>Файлы исходного кода</Filter>
    </ClCompile>
    <ClCompile Include="client\VisualConstructor\VICReplaceTexture.cpp">
      <Filter>Файлы исходного кода</Filter>
    </ClCompile>
    <ClCompile Include="client\VisualConstructor\VICStatic.cpp">
      <Filter>Файлы исходного кода</Filter>
    </ClCompile>
    <ClCompile Include="client\VisualConstructor\VICVisObjectByCharComponent.cpp">
      <Filter>Файлы исходного кода</Filter>
    </ClCompile>
    <ClCompile Include="client\VisualConstructor\VICCancelDefaultDressSlotSettings.cpp">
      <Filter>Файлы исходного кода</Filter>
    </ClCompile>
    <ClCompile Include="client\VisualConstructor\VICHideGeosets.cpp">
      <Filter>Файлы исходного кода</Filter>
    </ClCompile>
    <ClCompile Include="client\VisualConstructor\VICHideUnderwear.cpp">
      <Filter>Файлы исходного кода</Filter>
    </ClCompile>
    <ClCompile Include="client\VisualConstructor\VICOverride.cpp">
      <Filter>Файлы исходного кода</Filter>
    </ClCompile>
    <ClCompile Include="client\VisualConstructor\VICPack.cpp">
      <Filter>Файлы исходного кода</Filter>
    </ClCompile>
    <ClCompile Include="client\VisualConstructor\VICSelectByChar.cpp">
      <Filter>Файлы исходного кода</Filter>
    </ClCompile>
    <ClCompile Include="client\VisualConstructor\VICSelectComponentByChar.cpp">
      <Filter>Файлы исходного кода</Filter>
    </ClCompile>
    <ClCompile Include="client\VisualConstructor\VICSelectComponentByGuildLevel.cpp">
      <Filter>Файлы исходного кода</Filter>
    </ClCompile>
    <ClCompile Include="client\VisualConstructor\VICSelectComponentByRankInGuild.cpp">
      <Filter>Файлы исходного кода</Filter>
    </ClCompile>
    <ClCompile Include="client\VisualConstructor\VICUsePack.cpp">
      <Filter>Файлы исходного кода</Filter>
    </ClCompile>
    <ClCompile Include="client\VisualConstructor\VICVisObjectComponents.cpp">
      <Filter>Файлы исходного кода</Filter>
    </ClCompile>
    <ClCompile Include="client\VisualConstructor\VisualItemGrades.cpp">
      <Filter>Файлы исходного кода</Filter>
    </ClCompile>
    <ClCompile Include="client\Replica\VisItemEffectsRanged.cpp">
      <Filter>Файлы исходного кода</Filter>
    </ClCompile>
    <ClCompile Include="client\VisualConstructor\VisCharacterTraceProperties.cpp">
      <Filter>Файлы исходного кода</Filter>
    </ClCompile>
    <ClCompile Include="client\VisualConstructor\VisEffectBaseList.cpp">
      <Filter>Файлы исходного кода</Filter>
    </ClCompile>
    <ClCompile Include="client\RenderCommon\MaterialTemplate.cpp">
      <Filter>Файлы исходного кода</Filter>
    </ClCompile>
    <ClCompile Include="client\VisualConstructor\TexturePatch.cpp">
      <Filter>Файлы исходного кода</Filter>
    </ClCompile>
    <ClCompile Include="client\VisualConstructor\ModelMorphSettings.cpp">
      <Filter>Файлы исходного кода</Filter>
    </ClCompile>
    <ClCompile Include="client\SLON\EffectsList.cpp">
      <Filter>Файлы исходного кода</Filter>
    </ClCompile>
    <ClCompile Include="client\VisualConstructor\CharacterSoundVariation.cpp">
      <Filter>Файлы исходного кода</Filter>
    </ClCompile>
    <ClCompile Include="client\VisualConstructor\IndexedTexture.cpp">
      <Filter>Файлы исходного кода</Filter>
    </ClCompile>
    <ClCompile Include="Tools\Exceptions.cpp">
      <Filter>Файлы исходного кода</Filter>
    </ClCompile>
    <ClCompile Include="gameMechanics\world\characterVariations\CharacterRoot.cpp">
      <Filter>Файлы исходного кода</Filter>
    </ClCompile>
    <ClCompile Include="gameMechanics\world\avatar\Character.cpp">
      <Filter>Файлы исходного кода</Filter>
    </ClCompile>
    <ClCompile Include="gameMechanics\constructor\schemes\buff\BuffResource.cpp">
      <Filter>Файлы исходного кода</Filter>
    </ClCompile>
    <ClCompile Include="client\VisualConstructor\TrailTemplate.cpp">
      <Filter>Файлы исходного кода</Filter>
    </ClCompile>
    <ClCompile Include="mapLoader\StaticObject.cpp">
      <Filter>Файлы исходного кода</Filter>
    </ClCompile>
    <ClCompile Include="client\Map\SoundObjectData.cpp">
      <Filter>Файлы исходного кода</Filter>
    </ClCompile>
    <ClCompile Include="client\Collision\Collision.cpp">
      <Filter>Файлы исходного кода</Filter>
    </ClCompile>
    <ClCompile Include="client\Collision\CollisionMesh.cpp">
      <Filter>Файлы исходного кода</Filter>
    </ClCompile>
    <ClCompile Include="client\Collision\PhysicMaterial.cpp">
      <Filter>Файлы исходного кода</Filter>
    </ClCompile>
    <ClCompile Include="client\Terrain\FoliageGeometry.cpp">
      <Filter>Файлы исходного кода</Filter>
    </ClCompile>
    <ClCompile Include="client\VisualConstructor\SkyMesh.cpp">
      <Filter>Файлы исходного кода</Filter>
    </ClCompile>
    <ClCompile Include="client\Scene3D\AnimationController.cpp">
      <Filter>Файлы исходного кода</Filter>
    </ClCompile>
    <ClCompile Include="gameMechanics\world\creature\Faction.cpp">
      <Filter>Файлы исходного кода</Filter>
    </ClCompile>
    <ClCompile Include="client\VisualConstructor\SpellVisScripts.cpp">
      <Filter>Файлы исходного кода</Filter>
    </ClCompile>
    <ClCompile Include="client\Replica\CreatureChannelDirectAction.cpp">
      <Filter>Файлы исходного кода</Filter>
    </ClCompile>
    <ClCompile Include="client\Replica\VisPointFromEventClientDataPlus.cpp">
      <Filter>Файлы исходного кода</Filter>
    </ClCompile>
    <ClCompile Include="client\Replica\VisPointLocator.cpp">
      <Filter>Файлы исходного кода</Filter>
    </ClCompile>
    <ClCompile Include="client\Replica\EffectOffendConstDelay.cpp">
      <Filter>Файлы исходного кода</Filter>
    </ClCompile>
    <ClCompile Include="client\Replica\EffectOffendConstVelocity.cpp">
      <Filter>Файлы исходного кода</Filter>
    </ClCompile>
    <ClCompile Include="client\Replica\CreatureChargedSpellAction.cpp">
      <Filter>Файлы исходного кода</Filter>
    </ClCompile>
    <ClCompile Include="client\Replica\CreatureColorAction.cpp">
      <Filter>Файлы исходного кода</Filter>
    </ClCompile>
    <ClCompile Include="client\SLON\CreatureDisableEmotesAction.cpp">
      <Filter>Файлы исходного кода</Filter>
    </ClCompile>
    <ClCompile Include="client\SLON\CreatureDisableHitsAction.cpp">
      <Filter>Файлы исходного кода</Filter>
    </ClCompile>
    <ClCompile Include="client\Replica\CreatureDisableSpecialIdlesAction.cpp">
      <Filter>Файлы исходного кода</Filter>
    </ClCompile>
    <ClCompile Include="client\Replica\CreatureEffectsAction.cpp">
      <Filter>Файлы исходного кода</Filter>
    </ClCompile>
    <ClCompile Include="client\Replica\CreatureEffectsOnTarget.cpp">
      <Filter>Файлы исходного кода</Filter>
    </ClCompile>
    <ClCompile Include="client\Replica\CreatureEnchantWeaponAction.cpp">
      <Filter>Файлы исходного кода</Filter>
    </ClCompile>
    <ClCompile Include="client\SLON\CreatureEnlargeFovAction.cpp">
      <Filter>Файлы исходного кода</Filter>
    </ClCompile>
    <ClCompile Include="client\Replica\CreatureEventPlaybackEnded.cpp">
      <Filter>Файлы исходного кода</Filter>
    </ClCompile>
    <ClCompile Include="client\SLON\CreatureFatalityAbilityAction.cpp">
      <Filter>Файлы исходного кода</Filter>
    </ClCompile>
    <ClCompile Include="client\Replica\CreatureFixedPointProjectileAction.cpp">
      <Filter>Файлы исходного кода</Filter>
    </ClCompile>
    <ClCompile Include="client\Replica\CreatureFixedTimeProjectileAction.cpp">
      <Filter>Файлы исходного кода</Filter>
    </ClCompile>
    <ClCompile Include="client\SLON\CreatureForceMoveAction.cpp">
      <Filter>Файлы исходного кода</Filter>
    </ClCompile>
    <ClCompile Include="client\SLON\CreatureGridViewAction.cpp">
      <Filter>Файлы исходного кода</Filter>
    </ClCompile>
    <ClCompile Include="client\Replica\CreatureHeavyProjectileAction.cpp">
      <Filter>Файлы исходного кода</Filter>
    </ClCompile>
    <ClCompile Include="client\Replica\CreatureHideMountVisAction.cpp">
      <Filter>Файлы исходного кода</Filter>
    </ClCompile>
    <ClCompile Include="client\Replica\CreatureHoldWeaponAction.cpp">
      <Filter>Файлы исходного кода</Filter>
    </ClCompile>
    <ClCompile Include="client\Replica\CreatureIfFlagVisAction.cpp">
      <Filter>Файлы исходного кода</Filter>
    </ClCompile>
    <ClCompile Include="client\Replica\CreatureIfMainAvatarRunAction.cpp">
      <Filter>Файлы исходного кода</Filter>
    </ClCompile>
    <ClCompile Include="client\SLON\CreatureIndependentFxAction.cpp">
      <Filter>Файлы исходного кода</Filter>
    </ClCompile>
    <ClCompile Include="client\Replica\CreatureItemAnimationAction.cpp">
      <Filter>Файлы исходного кода</Filter>
    </ClCompile>
    <ClCompile Include="client\Replica\CreatureItemAttachBoneAction.cpp">
      <Filter>Файлы исходного кода</Filter>
    </ClCompile>
    <ClCompile Include="client\SLON\CreatureLockTargetAction.cpp">
      <Filter>Файлы исходного кода</Filter>
    </ClCompile>
    <ClCompile Include="client\Replica\CreatureMountVisAction.cpp">
      <Filter>Файлы исходного кода</Filter>
    </ClCompile>
    <ClCompile Include="client\Replica\CreatureMusicParamAction.cpp">
      <Filter>Файлы исходного кода</Filter>
    </ClCompile>
    <ClCompile Include="client\Replica\DayTimeParameter.cpp">
      <Filter>Файлы исходного кода</Filter>
    </ClCompile>
    <ClCompile Include="client\Replica\GuildLevelParameter.cpp">
      <Filter>Файлы исходного кода</Filter>
    </ClCompile>
    <ClCompile Include="client\Replica\HaloRankParameter.cpp">
      <Filter>Файлы исходного кода</Filter>
    </ClCompile>
    <ClCompile Include="client\Replica\HealthParameter.cpp">
      <Filter>Файлы исходного кода</Filter>
    </ClCompile>
    <ClCompile Include="client\Replica\LevelParameter.cpp">
      <Filter>Файлы исходного кода</Filter>
    </ClCompile>
    <ClCompile Include="client\Replica\RankInGuildParameter.cpp">
      <Filter>Файлы исходного кода</Filter>
    </ClCompile>
    <ClCompile Include="client\Replica\ThreatParameter.cpp">
      <Filter>Файлы исходного кода</Filter>
    </ClCompile>
    <ClCompile Include="client\Replica\CreatureOnCreationVisAction.cpp">
      <Filter>Файлы исходного кода</Filter>
    </ClCompile>
    <ClCompile Include="client\Replica\CreatureOnParameterChangedAction.cpp">
      <Filter>Файлы исходного кода</Filter>
    </ClCompile>
    <ClCompile Include="client\Replica\CreatureParalyzeAction.cpp">
      <Filter>Файлы исходного кода</Filter>
    </ClCompile>
    <ClCompile Include="client\Replica\CreaturePetVisAction.cpp">
      <Filter>Файлы исходного кода</Filter>
    </ClCompile>
    <ClCompile Include="client\Replica\CreatureProjectileAction.cpp">
      <Filter>Файлы исходного кода</Filter>
    </ClCompile>
    <ClCompile Include="client\Replica\CreatureReplaceAnimationAction.cpp">
      <Filter>Файлы исходного кода</Filter>
    </ClCompile>
    <ClCompile Include="client\Replica\CreatureReplaceAnimationsAction.cpp">
      <Filter>Файлы исходного кода</Filter>
    </ClCompile>
    <ClCompile Include="client\Replica\CreatureRunActionOnSpellTargets.cpp">
      <Filter>Файлы исходного кода</Filter>
    </ClCompile>
    <ClCompile Include="client\SLON\CreatureRunOnAllAction.cpp">
      <Filter>Файлы исходного кода</Filter>
    </ClCompile>
    <ClCompile Include="client\Replica\CreatureRunVisActionResource.cpp">
      <Filter>Файлы исходного кода</Filter>
    </ClCompile>
    <ClCompile Include="client\Replica\CreatureSayAction.cpp">
      <Filter>Файлы исходного кода</Filter>
    </ClCompile>
    <ClCompile Include="client\Replica\CreatureScaleAction.cpp">
      <Filter>Файлы исходного кода</Filter>
    </ClCompile>
    <ClCompile Include="client\SLON\CreatureSceneDesaturationAction.cpp">
      <Filter>Файлы исходного кода</Filter>
    </ClCompile>
    <ClCompile Include="client\Replica\CreatureSetAnimationPropertiesAction.cpp">
      <Filter>Файлы исходного кода</Filter>
    </ClCompile>
    <ClCompile Include="client\SLON\CreatureSetFlagAction.cpp">
      <Filter>Файлы исходного кода</Filter>
    </ClCompile>
    <ClCompile Include="client\Replica\CreatureSetFlagVisAction.cpp">
      <Filter>Файлы исходного кода</Filter>
    </ClCompile>
    <ClCompile Include="client\SLON\CreatureSetPortraitAction.cpp">
      <Filter>Файлы исходного кода</Filter>
    </ClCompile>
    <ClCompile Include="client\SLON\CreatureSetSwimHeightAction.cpp">
      <Filter>Файлы исходного кода</Filter>
    </ClCompile>
    <ClCompile Include="client\Replica\CreatureSetTransparencyAction.cpp">
      <Filter>Файлы исходного кода</Filter>
    </ClCompile>
    <ClCompile Include="client\SLON\CreatureSheathAction.cpp">
      <Filter>Файлы исходного кода</Filter>
    </ClCompile>
    <ClCompile Include="client\Replica\CreatureShowHaloAction.cpp">
      <Filter>Файлы исходного кода</Filter>
    </ClCompile>
    <ClCompile Include="client\SLON\CreatureStepSoundParamAction.cpp">
      <Filter>Файлы исходного кода</Filter>
    </ClCompile>
    <ClCompile Include="client\Replica\CreatureSwitchDistToTargetAction.cpp">
      <Filter>Файлы исходного кода</Filter>
    </ClCompile>
    <ClCompile Include="client\Replica\CreatureTakeArrowAction.cpp">
      <Filter>Файлы исходного кода</Filter>
    </ClCompile>
    <ClCompile Include="client\Replica\CreatureTakeBowStringAction.cpp">
      <Filter>Файлы исходного кода</Filter>
    </ClCompile>
    <ClCompile Include="client\Replica\CreatureThrowArrowAction.cpp">
      <Filter>Файлы исходного кода</Filter>
    </ClCompile>
    <ClCompile Include="client\Replica\CreatureTimeIntervalChannelPosAction.cpp">
      <Filter>Файлы исходного кода</Filter>
    </ClCompile>
    <ClCompile Include="client\Replica\CreatureTimeIntervalChannelSpeedAction.cpp">
      <Filter>Файлы исходного кода</Filter>
    </ClCompile>
    <ClCompile Include="client\Replica\CreatureTimeIntervalEndAnimationAction.cpp">
      <Filter>Файлы исходного кода</Filter>
    </ClCompile>
    <ClCompile Include="client\Replica\CreatureTrailAction.cpp">
      <Filter>Файлы исходного кода</Filter>
    </ClCompile>
    <ClCompile Include="client\Replica\CreatureTurnToMainAvatarAction.cpp">
      <Filter>Файлы исходного кода</Filter>
    </ClCompile>
    <ClCompile Include="client\Replica\CreatureTurnToTargetAction.cpp">
      <Filter>Файлы исходного кода</Filter>
    </ClCompile>
    <ClCompile Include="client\Replica\CreatureUseIntervalsVisAction.cpp">
      <Filter>Файлы исходного кода</Filter>
    </ClCompile>
    <ClCompile Include="client\Replica\CreatureVisActionCreateController.cpp">
      <Filter>Файлы исходного кода</Filter>
    </ClCompile>
    <ClCompile Include="client\Replica\CreatureVisActionIgnoreDisarm.cpp">
      <Filter>Файлы исходного кода</Filter>
    </ClCompile>
    <ClCompile Include="client\Replica\CreatureVisActionOnSelectableTargets.cpp">
      <Filter>Файлы исходного кода</Filter>
    </ClCompile>
    <ClCompile Include="client\Replica\CreatureVisActionPlayOnUsedDevice.cpp">
      <Filter>Файлы исходного кода</Filter>
    </ClCompile>
    <ClCompile Include="client\Replica\DeviceAnimationAction.cpp">
      <Filter>Файлы исходного кода</Filter>
    </ClCompile>
    <ClCompile Include="client\Replica\DeviceCannonLaunchedAction.cpp">
      <Filter>Файлы исходного кода</Filter>
    </ClCompile>
    <ClCompile Include="client\Replica\DeviceChannelAction.cpp">
      <Filter>Файлы исходного кода</Filter>
    </ClCompile>
    <ClCompile Include="client\Replica\DeviceColorAction.cpp">
      <Filter>Файлы исходного кода</Filter>
    </ClCompile>
    <ClCompile Include="client\Replica\DeviceFixedPointProjectileAction.cpp">
      <Filter>Файлы исходного кода</Filter>
    </ClCompile>
    <ClCompile Include="client\Replica\DeviceIfFlagVisAction.cpp">
      <Filter>Файлы исходного кода</Filter>
    </ClCompile>
    <ClCompile Include="client\Replica\DeviceVisActionAutoStop.cpp">
      <Filter>Файлы исходного кода</Filter>
    </ClCompile>
    <ClCompile Include="client\Replica\DeviceVisActionChangeModel.cpp">
      <Filter>Файлы исходного кода</Filter>
    </ClCompile>
    <ClCompile Include="client\Replica\DeviceVisActionDelay.cpp">
      <Filter>Файлы исходного кода</Filter>
    </ClCompile>
    <ClCompile Include="client\Replica\DeviceVisActionList.cpp">
      <Filter>Файлы исходного кода</Filter>
    </ClCompile>
    <ClCompile Include="client\Replica\DeviceVisActionLoopAction.cpp">
      <Filter>Файлы исходного кода</Filter>
    </ClCompile>
    <ClCompile Include="client\Replica\DeviceVisEffectsAction.cpp">
      <Filter>Файлы исходного кода</Filter>
    </ClCompile>
    <ClCompile Include="client\Replica\EntityVisActionIfVisObject.cpp">
      <Filter>Файлы исходного кода</Filter>
    </ClCompile>
    <ClCompile Include="client\Replica\ShowSceneAction.cpp">
      <Filter>Файлы исходного кода</Filter>
    </ClCompile>
    <ClCompile Include="client\Replica\Sound3DActionDevice.cpp">
      <Filter>Файлы исходного кода</Filter>
    </ClCompile>
    <ClCompile Include="client\Replica\CreatureVisActionStartThrow.cpp">
      <Filter>Файлы исходного кода</Filter>
    </ClCompile>
    <ClCompile Include="client\SLON\CreatureVisObjectComponentsAction.cpp">
      <Filter>Файлы исходного кода</Filter>
    </ClCompile>
    <ClCompile Include="client\Replica\CreatureWaitReadyAction.cpp">
      <Filter>Файлы исходного кода</Filter>
    </ClCompile>
    <ClCompile Include="client\Replica\CreatureWaitThrowDurationAction.cpp">
      <Filter>Файлы исходного кода</Filter>
    </ClCompile>
    <ClCompile Include="client\SLON\DisableNavigationTeleportAction.cpp">
      <Filter>Файлы исходного кода</Filter>
    </ClCompile>
    <ClCompile Include="client\SLON\HighlightCreatureVisAction.cpp">
      <Filter>Файлы исходного кода</Filter>
    </ClCompile>
    <ClCompile Include="client\Replica\LooterEmoteAction.cpp">
      <Filter>Файлы исходного кода</Filter>
    </ClCompile>
    <ClCompile Include="client\Replica\PostEffectVisAction.cpp">
      <Filter>Файлы исходного кода</Filter>
    </ClCompile>
    <ClCompile Include="client\VisualConstructor\UserPostEffect.cpp">
      <Filter>Файлы исходного кода</Filter>
    </ClCompile>
    <ClCompile Include="client\SLON\PredicateCreatureFlagAction.cpp">
      <Filter>Файлы исходного кода</Filter>
    </ClCompile>
    <ClCompile Include="client\Replica\ProceduralEffectVisAction.cpp">
      <Filter>Файлы исходного кода</Filter>
    </ClCompile>
    <ClCompile Include="client\Replica\ShakeAction.cpp">
      <Filter>Файлы исходного кода</Filter>
    </ClCompile>
    <ClCompile Include="client\VisualConstructor\CameraShakeParameters.cpp">
      <Filter>Файлы исходного кода</Filter>
    </ClCompile>
    <ClCompile Include="client\Replica\ShiftAction.cpp">
      <Filter>Файлы исходного кода</Filter>
    </ClCompile>
    <ClCompile Include="client\Replica\Sound2DAction.cpp">
      <Filter>Файлы исходного кода</Filter>
    </ClCompile>
    <ClCompile Include="client\Replica\Sound2DMatchAction.cpp">
      <Filter>Файлы исходного кода</Filter>
    </ClCompile>
    <ClCompile Include="client\Replica\Sound3DAction.cpp">
      <Filter>Файлы исходного кода</Filter>
    </ClCompile>
    <ClCompile Include="client\Replica\VisActionChangeVisObject.cpp">
      <Filter>Файлы исходного кода</Filter>
    </ClCompile>
    <ClCompile Include="client\Replica\VisActionDelay.cpp">
      <Filter>Файлы исходного кода</Filter>
    </ClCompile>
    <ClCompile Include="client\Replica\VisActionList.cpp">
      <Filter>Файлы исходного кода</Filter>
    </ClCompile>
    <ClCompile Include="client\Replica\VisActionLoopAction.cpp">
      <Filter>Файлы исходного кода</Filter>
    </ClCompile>
    <ClCompile Include="client\Replica\VisActionRandom.cpp">
      <Filter>Файлы исходного кода</Filter>
    </ClCompile>
    <ClCompile Include="client\Replica\VisActionRefCounter.cpp">
      <Filter>Файлы исходного кода</Filter>
    </ClCompile>
    <ClCompile Include="client\Replica\VisActionStopAction.cpp">
      <Filter>Файлы исходного кода</Filter>
    </ClCompile>
    <ClCompile Include="client\SLON\WeatherCreatureVisAction.cpp">
      <Filter>Файлы исходного кода</Filter>
    </ClCompile>
    <ClCompile Include="client\VisualConstructor\AreaEffect.cpp">
      <Filter>Файлы исходного кода</Filter>
    </ClCompile>
    <ClCompile Include="client\Replica\BuffVisScripts.cpp">
      <Filter>Файлы исходного кода</Filter>
    </ClCompile>
    <ClCompile Include="client\SLON\SlonRoot.cpp">
      <Filter>Файлы исходного кода</Filter>
    </ClCompile>
  </ItemGroup>
  <ItemGroup>
    <ClInclude Include="Manipulation\API.h">
      <Filter>Заголовочные файлы</Filter>
    </ClInclude>
    <ClInclude Include="Mhook\disasm-lib\cpu.h">
      <Filter>Заголовочные файлы</Filter>
    </ClInclude>
    <ClInclude Include="Mhook\disasm-lib\disasm.h">
      <Filter>Заголовочные файлы</Filter>
    </ClInclude>
    <ClInclude Include="Mhook\disasm-lib\disasm_x86.h">
      <Filter>Заголовочные файлы</Filter>
    </ClInclude>
    <ClInclude Include="Mhook\disasm-lib\disasm_x86_tables.h">
      <Filter>Заголовочные файлы</Filter>
    </ClInclude>
    <ClInclude Include="Mhook\disasm-lib\misc.h">
      <Filter>Заголовочные файлы</Filter>
    </ClInclude>
    <ClInclude Include="Mhook\mhook-lib\mhook.h">
      <Filter>Заголовочные файлы</Filter>
    </ClInclude>
    <ClInclude Include="Header.h">
      <Filter>Заголовочные файлы</Filter>
    </ClInclude>
    <ClInclude Include="Tools\Memory\AwBreakPoint.h">
      <Filter>Заголовочные файлы</Filter>
    </ClInclude>
    <ClInclude Include="Tools\Memory\Patcher.h">
      <Filter>Заголовочные файлы</Filter>
    </ClInclude>
    <ClInclude Include="Tools\BreakPoints.h">
      <Filter>Заголовочные файлы</Filter>
    </ClInclude>
    <ClInclude Include="Manipulation\Bypass.h">
      <Filter>Заголовочные файлы</Filter>
    </ClInclude>
    <ClInclude Include="Containers\Containers.h">
      <Filter>Заголовочные файлы</Filter>
    </ClInclude>
    <ClInclude Include="Manipulation\MainWorker.h">
      <Filter>Заголовочные файлы</Filter>
    </ClInclude>
    <ClInclude Include="Containers\Unpacker.h">
      <Filter>Заголовочные файлы</Filter>
    </ClInclude>
    <ClInclude Include="client\VisualConstructor\VisualMob.h">
      <Filter>Заголовочные файлы</Filter>
    </ClInclude>
    <ClInclude Include="client\client.h">
      <Filter>Заголовочные файлы</Filter>
    </ClInclude>
    <ClInclude Include="Unpack\Module.h">
      <Filter>Заголовочные файлы</Filter>
    </ClInclude>
    <ClInclude Include="Enums\Enums.h">
      <Filter>Заголовочные файлы</Filter>
    </ClInclude>
    <ClInclude Include="client\VisualConstructor\VisualMount.h">
      <Filter>Заголовочные файлы</Filter>
    </ClInclude>
    <ClInclude Include="client\VisualConstructor\VisCharacterTemplate.h">
      <Filter>Заголовочные файлы</Filter>
    </ClInclude>
    <ClInclude Include="client\Sound\FMODProject.h">
      <Filter>Заголовочные файлы</Filter>
    </ClInclude>
    <ClInclude Include="client\Scene3D\Geometry.h">
      <Filter>Заголовочные файлы</Filter>
    </ClInclude>
    <ClInclude Include="client\Map\ZoneInfo.h">
      <Filter>Заголовочные файлы</Filter>
    </ClInclude>
    <ClInclude Include="client\Scene3D\AstralMaterialParams.h">
      <Filter>Заголовочные файлы</Filter>
    </ClInclude>
    <ClInclude Include="client\Scene3D\CommonMaterialParams.h">
      <Filter>Заголовочные файлы</Filter>
    </ClInclude>
    <ClInclude Include="client\Scene3D\PointLitMaterialParams.h">
      <Filter>Заголовочные файлы</Filter>
    </ClInclude>
    <ClInclude Include="client\Scene3D\SkyMaterialParams.h">
      <Filter>Заголовочные файлы</Filter>
    </ClInclude>
    <ClInclude Include="client\Scene3D\SkeletalAnimation.h">
      <Filter>Заголовочные файлы</Filter>
    </ClInclude>
    <ClInclude Include="client\VisualConstructor\AnimationProperties.h">
      <Filter>Заголовочные файлы</Filter>
    </ClInclude>
    <ClInclude Include="client\RenderCommon\Texture.h">
      <Filter>Заголовочные файлы</Filter>
    </ClInclude>
    <ClInclude Include="client\SLON\AlignCollisionComponent.h">
      <Filter>Заголовочные файлы</Filter>
    </ClInclude>
    <ClInclude Include="client\VisualConstructor\AnimationFromParentComponent.h">
      <Filter>Заголовочные файлы</Filter>
    </ClInclude>
    <ClInclude Include="client\VisualConstructor\AstralComponent.h">
      <Filter>Заголовочные файлы</Filter>
    </ClInclude>
    <ClInclude Include="client\SLON\AttachCameraSlotComponent.h">
      <Filter>Заголовочные файлы</Filter>
    </ClInclude>
    <ClInclude Include="client\Scene\AttachedVisObjectComponent.h">
      <Filter>Заголовочные файлы</Filter>
    </ClInclude>
    <ClInclude Include="client\Scene\VisObjectTemplate.h">
      <Filter>Заголовочные файлы</Filter>
    </ClInclude>
    <ClInclude Include="client\SLON\CameraPathComponent.h">
      <Filter>Заголовочные файлы</Filter>
    </ClInclude>
    <ClInclude Include="client\SLON\CameraShakerComponent.h">
      <Filter>Заголовочные файлы</Filter>
    </ClInclude>
    <ClInclude Include="client\Scene\ChainAnimatorComponent.h">
      <Filter>Заголовочные файлы</Filter>
    </ClInclude>
    <ClInclude Include="client\SLON\ChannelingComponent.h">
      <Filter>Заголовочные файлы</Filter>
    </ClInclude>
    <ClInclude Include="client\Scene\ColorMaskComponent.h">
      <Filter>Заголовочные файлы</Filter>
    </ClInclude>
    <ClInclude Include="client\SLON\CustomIdleComponent.h">
      <Filter>Заголовочные файлы</Filter>
    </ClInclude>
    <ClInclude Include="client\VisualConstructor\DayTimeComponent.h">
      <Filter>Заголовочные файлы</Filter>
    </ClInclude>
    <ClInclude Include="client\Scene\DelayComponent.h">
      <Filter>Заголовочные файлы</Filter>
    </ClInclude>
    <ClInclude Include="client\SLON\GuildColorsMaskComponent.h">
      <Filter>Заголовочные файлы</Filter>
    </ClInclude>
    <ClInclude Include="client\Scene\LightComponent.h">
      <Filter>Заголовочные файлы</Filter>
    </ClInclude>
    <ClInclude Include="client\VisualConstructor\LightMutatorComponent.h">
      <Filter>Заголовочные файлы</Filter>
    </ClInclude>
    <ClInclude Include="client\Scene\RandomComponent.h">
      <Filter>Заголовочные файлы</Filter>
    </ClInclude>
    <ClInclude Include="client\SLON\ServerTimeComponent.h">
      <Filter>Заголовочные файлы</Filter>
    </ClInclude>
    <ClInclude Include="client\VisualConstructor\SkyObject.h">
      <Filter>Заголовочные файлы</Filter>
    </ClInclude>
    <ClInclude Include="client\VisualConstructor\StateComponent.h">
      <Filter>Заголовочные файлы</Filter>
    </ClInclude>
    <ClInclude Include="client\Scene\StopVisObjectComponents.h">
      <Filter>Заголовочные файлы</Filter>
    </ClInclude>
    <ClInclude Include="client\VisualConstructor\SunShaftsComponent.h">
      <Filter>Заголовочные файлы</Filter>
    </ClInclude>
    <ClInclude Include="client\Scene\TimeTransparencyComponent.h">
      <Filter>Заголовочные файлы</Filter>
    </ClInclude>
    <ClInclude Include="client\SLON\TLVisualComponent.h">
      <Filter>Заголовочные файлы</Filter>
    </ClInclude>
    <ClInclude Include="client\VisualConstructor\TrailComponent.h">
      <Filter>Заголовочные файлы</Filter>
    </ClInclude>
    <ClInclude Include="client\Scene\VisObjComponentsFile.h">
      <Filter>Заголовочные файлы</Filter>
    </ClInclude>
    <ClInclude Include="client\Map\WeatherVisObjComponent.h">
      <Filter>Заголовочные файлы</Filter>
    </ClInclude>
    <ClInclude Include="client\VisualConstructor\VisualMobTroopExtension.h">
      <Filter>Заголовочные файлы</Filter>
    </ClInclude>
    <ClInclude Include="client\Replica\CameraParametersAction.h">
      <Filter>Заголовочные файлы</Filter>
    </ClInclude>
    <ClInclude Include="client\SLON\CameraTrackAction.h">
      <Filter>Заголовочные файлы</Filter>
    </ClInclude>
    <ClInclude Include="client\Replica\CreatureAnimationAction.h">
      <Filter>Заголовочные файлы</Filter>
    </ClInclude>
    <ClInclude Include="client\Replica\CreatureAnimationFromCasterAction.h">
      <Filter>Заголовочные файлы</Filter>
    </ClInclude>
    <ClInclude Include="client\Replica\CreatureAnimationSetModeAction.h">
      <Filter>Заголовочные файлы</Filter>
    </ClInclude>
    <ClInclude Include="client\Replica\CreatureAnimationSetSpeedAction.h">
      <Filter>Заголовочные файлы</Filter>
    </ClInclude>
    <ClInclude Include="client\Replica\CreatureAnimationStopAction.h">
      <Filter>Заголовочные файлы</Filter>
    </ClInclude>
    <ClInclude Include="client\Replica\CreatureAstralSpellFXVisAction.h">
      <Filter>Заголовочные файлы</Filter>
    </ClInclude>
    <ClInclude Include="client\Replica\AstralSpellChanneling.h">
      <Filter>Заголовочные файлы</Filter>
    </ClInclude>
    <ClInclude Include="client\Replica\AstralSpellProjectile.h">
      <Filter>Заголовочные файлы</Filter>
    </ClInclude>
    <ClInclude Include="client\Replica\CreatureAttachSelfAction.h">
      <Filter>Заголовочные файлы</Filter>
    </ClInclude>
    <ClInclude Include="client\Replica\CreatureAttackTargetVisAction.h">
      <Filter>Заголовочные файлы</Filter>
    </ClInclude>
    <ClInclude Include="client\Replica\CreatureCancelMountHidingVisAction.h">
      <Filter>Заголовочные файлы</Filter>
    </ClInclude>
    <ClInclude Include="client\Replica\CreatureChangeAppearanceAction.h">
      <Filter>Заголовочные файлы</Filter>
    </ClInclude>
    <ClInclude Include="client\Replica\CreatureChangeVisItemsAction.h">
      <Filter>Заголовочные файлы</Filter>
    </ClInclude>
    <ClInclude Include="client\VisualConstructor\MobAnimations.h">
      <Filter>Заголовочные файлы</Filter>
    </ClInclude>
    <ClInclude Include="client\Widgets\UISingleTexture.h">
      <Filter>Заголовочные файлы</Filter>
    </ClInclude>
    <ClInclude Include="client\Widgets\UITexture.h">
      <Filter>Заголовочные файлы</Filter>
    </ClInclude>
    <ClInclude Include="gameMechanics\gameMechanics.h">
      <Filter>Заголовочные файлы</Filter>
    </ClInclude>
    <ClInclude Include="gameMechanics\constructor\schemes\mount\MountSkin.h">
      <Filter>Заголовочные файлы</Filter>
    </ClInclude>
    <ClInclude Include="client\VisualConstructor\VisualMountClass.h">
      <Filter>Заголовочные файлы</Filter>
    </ClInclude>
    <ClInclude Include="gameMechanics\constructor\schemes\item\ItemResource.h">
      <Filter>Заголовочные файлы</Filter>
    </ClInclude>
    <ClInclude Include="gameMechanics\constructor\schemes\unlock\UnlockResource.h">
      <Filter>Заголовочные файлы</Filter>
    </ClInclude>
    <ClInclude Include="gameMechanics\constructor\schemes\mount\MountResource.h">
      <Filter>Заголовочные файлы</Filter>
    </ClInclude>
    <ClInclude Include="gameMechanics\elements\calcers\OverLevelPenaltyCalcer.h">
      <Filter>Заголовочные файлы</Filter>
    </ClInclude>
    <ClInclude Include="gameMechanics\constructor\schemes\spell\Spell.h">
      <Filter>Заголовочные файлы</Filter>
    </ClInclude>
    <ClInclude Include="gameMechanics\constructor\schemes\mount\SkinListResource.h">
      <Filter>Заголовочные файлы</Filter>
    </ClInclude>
    <ClInclude Include="gameMechanics\constructor\schemes\mount\MountGroupResource.h">
      <Filter>Заголовочные файлы</Filter>
    </ClInclude>
    <ClInclude Include="client\Animation\ParticleAnimation.h">
      <Filter>Заголовочные файлы</Filter>
    </ClInclude>
    <ClInclude Include="client\Scene\ClolorFromPrimeSecondary.h">
      <Filter>Заголовочные файлы</Filter>
    </ClInclude>
    <ClInclude Include="client\RenderCommon\TextureSingleElement.h">
      <Filter>Заголовочные файлы</Filter>
    </ClInclude>
    <ClInclude Include="client\VisualConstructor\CharacterVariations.h">
      <Filter>Заголовочные файлы</Filter>
    </ClInclude>
    <ClInclude Include="gameMechanics\constructor\schemes\item\VisualItem.h">
      <Filter>Заголовочные файлы</Filter>
    </ClInclude>
    <ClInclude Include="client\VisualConstructor\VICAttachedComponentByCharFiltered.h">
      <Filter>Заголовочные файлы</Filter>
    </ClInclude>
    <ClInclude Include="client\VisualConstructor\VICDynamic.h">
      <Filter>Заголовочные файлы</Filter>
    </ClInclude>
    <ClInclude Include="client\VisualConstructor\VICHideAttachedObj.h">
      <Filter>Заголовочные файлы</Filter>
    </ClInclude>
    <ClInclude Include="client\VisualConstructor\VICReplaceTexture.h">
      <Filter>Заголовочные файлы</Filter>
    </ClInclude>
    <ClInclude Include="client\VisualConstructor\VICStatic.h">
      <Filter>Заголовочные файлы</Filter>
    </ClInclude>
    <ClInclude Include="client\VisualConstructor\VICVisObjectByCharComponent.h">
      <Filter>Заголовочные файлы</Filter>
    </ClInclude>
    <ClInclude Include="client\VisualConstructor\VICCancelDefaultDressSlotSettings.h">
      <Filter>Заголовочные файлы</Filter>
    </ClInclude>
    <ClInclude Include="client\VisualConstructor\VICHideGeosets.h">
      <Filter>Заголовочные файлы</Filter>
    </ClInclude>
    <ClInclude Include="client\VisualConstructor\VICHideUnderwear.h">
      <Filter>Заголовочные файлы</Filter>
    </ClInclude>
    <ClInclude Include="client\VisualConstructor\VICOverride.h">
      <Filter>Заголовочные файлы</Filter>
    </ClInclude>
    <ClInclude Include="client\VisualConstructor\VICPack.h">
      <Filter>Заголовочные файлы</Filter>
    </ClInclude>
    <ClInclude Include="client\VisualConstructor\VICSelectByChar.h">
      <Filter>Заголовочные файлы</Filter>
    </ClInclude>
    <ClInclude Include="client\VisualConstructor\VICSelectComponentByChar.h">
      <Filter>Заголовочные файлы</Filter>
    </ClInclude>
    <ClInclude Include="client\VisualConstructor\VICSelectComponentByGuildLevel.h">
      <Filter>Заголовочные файлы</Filter>
    </ClInclude>
    <ClInclude Include="client\VisualConstructor\VICSelectComponentByRankInGuild.h">
      <Filter>Заголовочные файлы</Filter>
    </ClInclude>
    <ClInclude Include="client\VisualConstructor\VICUsePack.h">
      <Filter>Заголовочные файлы</Filter>
    </ClInclude>
    <ClInclude Include="client\VisualConstructor\VICVisObjectComponents.h">
      <Filter>Заголовочные файлы</Filter>
    </ClInclude>
    <ClInclude Include="client\VisualConstructor\VisualItemGrades.h">
      <Filter>Заголовочные файлы</Filter>
    </ClInclude>
    <ClInclude Include="client\Replica\VisItemEffectsRanged.h">
      <Filter>Заголовочные файлы</Filter>
    </ClInclude>
    <ClInclude Include="client\VisualConstructor\VisCharacterTraceProperties.h">
      <Filter>Заголовочные файлы</Filter>
    </ClInclude>
    <ClInclude Include="client\VisualConstructor\VisEffectBaseList.h">
      <Filter>Заголовочные файлы</Filter>
    </ClInclude>
    <ClInclude Include="client\RenderCommon\MaterialTemplate.h">
      <Filter>Заголовочные файлы</Filter>
    </ClInclude>
    <ClInclude Include="client\VisualConstructor\TexturePatch.h">
      <Filter>Заголовочные файлы</Filter>
    </ClInclude>
    <ClInclude Include="client\VisualConstructor\ModelMorphSettings.h">
      <Filter>Заголовочные файлы</Filter>
    </ClInclude>
    <ClInclude Include="client\SLON\EffectsList.h">
      <Filter>Заголовочные файлы</Filter>
    </ClInclude>
    <ClInclude Include="client\VisualConstructor\CharacterSoundVariation.h">
      <Filter>Заголовочные файлы</Filter>
    </ClInclude>
    <ClInclude Include="client\VisualConstructor\IndexedTexture.h">
      <Filter>Заголовочные файлы</Filter>
    </ClInclude>
    <ClInclude Include="Tools\Exceptions.h">
      <Filter>Заголовочные файлы</Filter>
    </ClInclude>
    <ClInclude Include="gameMechanics\world\characterVariations\CharacterRoot.h">
      <Filter>Заголовочные файлы</Filter>
    </ClInclude>
    <ClInclude Include="gameMechanics\world\avatar\Character.h">
      <Filter>Заголовочные файлы</Filter>
    </ClInclude>
    <ClInclude Include="gameMechanics\constructor\schemes\buff\BuffResource.h">
      <Filter>Заголовочные файлы</Filter>
    </ClInclude>
    <ClInclude Include="client\VisualConstructor\TrailTemplate.h">
      <Filter>Заголовочные файлы</Filter>
    </ClInclude>
    <ClInclude Include="mapLoader\mapLoader.h">
      <Filter>Заголовочные файлы</Filter>
    </ClInclude>
    <ClInclude Include="mapLoader\StaticObject.h">
      <Filter>Заголовочные файлы</Filter>
    </ClInclude>
    <ClInclude Include="client\Map\SoundObjectData.h">
      <Filter>Заголовочные файлы</Filter>
    </ClInclude>
    <ClInclude Include="client\Collision\Collision.h">
      <Filter>Заголовочные файлы</Filter>
    </ClInclude>
    <ClInclude Include="client\Collision\CollisionMesh.h">
      <Filter>Заголовочные файлы</Filter>
    </ClInclude>
    <ClInclude Include="client\Collision\PhysicMaterial.h">
      <Filter>Заголовочные файлы</Filter>
    </ClInclude>
    <ClInclude Include="client\Terrain\FoliageGeometry.h">
      <Filter>Заголовочные файлы</Filter>
    </ClInclude>
    <ClInclude Include="client\VisualConstructor\SkyMesh.h">
      <Filter>Заголовочные файлы</Filter>
    </ClInclude>
    <ClInclude Include="client\Scene3D\AnimationController.h">
      <Filter>Заголовочные файлы</Filter>
    </ClInclude>
    <ClInclude Include="gameMechanics\world\creature\Faction.h">
      <Filter>Заголовочные файлы</Filter>
    </ClInclude>
    <ClInclude Include="client\VisualConstructor\SpellVisScripts.h">
      <Filter>Заголовочные файлы</Filter>
    </ClInclude>
    <ClInclude Include="client\Replica\CreatureChannelDirectAction.h">
      <Filter>Заголовочные файлы</Filter>
    </ClInclude>
    <ClInclude Include="client\Replica\VisPointFromEventClientDataPlus.h">
      <Filter>Заголовочные файлы</Filter>
    </ClInclude>
    <ClInclude Include="client\Replica\VisPointLocator.h">
      <Filter>Заголовочные файлы</Filter>
    </ClInclude>
    <ClInclude Include="client\Replica\EffectOffendConstDelay.h">
      <Filter>Заголовочные файлы</Filter>
    </ClInclude>
    <ClInclude Include="client\Replica\EffectOffendConstVelocity.h">
      <Filter>Заголовочные файлы</Filter>
    </ClInclude>
    <ClInclude Include="client\Replica\CreatureChargedSpellAction.h">
      <Filter>Заголовочные файлы</Filter>
    </ClInclude>
    <ClInclude Include="client\Replica\CreatureColorAction.h">
      <Filter>Заголовочные файлы</Filter>
    </ClInclude>
    <ClInclude Include="client\SLON\CreatureDisableEmotesAction.h">
      <Filter>Заголовочные файлы</Filter>
    </ClInclude>
    <ClInclude Include="client\SLON\CreatureDisableHitsAction.h">
      <Filter>Заголовочные файлы</Filter>
    </ClInclude>
    <ClInclude Include="client\Replica\CreatureDisableSpecialIdlesAction.h">
      <Filter>Заголовочные файлы</Filter>
    </ClInclude>
    <ClInclude Include="client\Replica\CreatureEffectsAction.h">
      <Filter>Заголовочные файлы</Filter>
    </ClInclude>
    <ClInclude Include="client\Replica\CreatureEffectsOnTarget.h">
      <Filter>Заголовочные файлы</Filter>
    </ClInclude>
    <ClInclude Include="client\Replica\CreatureEnchantWeaponAction.h">
      <Filter>Заголовочные файлы</Filter>
    </ClInclude>
    <ClInclude Include="client\SLON\CreatureEnlargeFovAction.h">
      <Filter>Заголовочные файлы</Filter>
    </ClInclude>
    <ClInclude Include="client\Replica\CreatureEventPlaybackEnded.h">
      <Filter>Заголовочные файлы</Filter>
    </ClInclude>
    <ClInclude Include="client\SLON\CreatureFatalityAbilityAction.h">
      <Filter>Заголовочные файлы</Filter>
    </ClInclude>
    <ClInclude Include="client\Replica\CreatureFixedPointProjectileAction.h">
      <Filter>Заголовочные файлы</Filter>
    </ClInclude>
    <ClInclude Include="client\Replica\CreatureFixedTimeProjectileAction.h">
      <Filter>Заголовочные файлы</Filter>
    </ClInclude>
    <ClInclude Include="client\SLON\CreatureForceMoveAction.h">
      <Filter>Заголовочные файлы</Filter>
    </ClInclude>
    <ClInclude Include="client\SLON\CreatureGridViewAction.h">
      <Filter>Заголовочные файлы</Filter>
    </ClInclude>
    <ClInclude Include="client\Replica\CreatureHeavyProjectileAction.h">
      <Filter>Заголовочные файлы</Filter>
    </ClInclude>
    <ClInclude Include="client\Replica\CreatureHideMountVisAction.h">
      <Filter>Заголовочные файлы</Filter>
    </ClInclude>
    <ClInclude Include="client\Replica\CreatureHoldWeaponAction.h">
      <Filter>Заголовочные файлы</Filter>
    </ClInclude>
    <ClInclude Include="client\Replica\CreatureIfFlagVisAction.h">
      <Filter>Заголовочные файлы</Filter>
    </ClInclude>
    <ClInclude Include="client\Replica\CreatureIfMainAvatarRunAction.h">
      <Filter>Заголовочные файлы</Filter>
    </ClInclude>
    <ClInclude Include="client\SLON\CreatureIndependentFxAction.h">
      <Filter>Заголовочные файлы</Filter>
    </ClInclude>
    <ClInclude Include="client\Replica\CreatureItemAnimationAction.h">
      <Filter>Заголовочные файлы</Filter>
    </ClInclude>
    <ClInclude Include="client\Replica\CreatureItemAttachBoneAction.h">
      <Filter>Заголовочные файлы</Filter>
    </ClInclude>
    <ClInclude Include="client\SLON\CreatureLockTargetAction.h">
      <Filter>Заголовочные файлы</Filter>
    </ClInclude>
    <ClInclude Include="client\Replica\CreatureMountVisAction.h">
      <Filter>Заголовочные файлы</Filter>
    </ClInclude>
    <ClInclude Include="client\Replica\CreatureMusicParamAction.h">
      <Filter>Заголовочные файлы</Filter>
    </ClInclude>
    <ClInclude Include="client\Replica\DayTimeParameter.h">
      <Filter>Заголовочные файлы</Filter>
    </ClInclude>
    <ClInclude Include="client\Replica\GuildLevelParameter.h">
      <Filter>Заголовочные файлы</Filter>
    </ClInclude>
    <ClInclude Include="client\Replica\HaloRankParameter.h">
      <Filter>Заголовочные файлы</Filter>
    </ClInclude>
    <ClInclude Include="client\Replica\HealthParameter.h">
      <Filter>Заголовочные файлы</Filter>
    </ClInclude>
    <ClInclude Include="client\Replica\LevelParameter.h">
      <Filter>Заголовочные файлы</Filter>
    </ClInclude>
    <ClInclude Include="client\Replica\RankInGuildParameter.h">
      <Filter>Заголовочные файлы</Filter>
    </ClInclude>
    <ClInclude Include="client\Replica\ThreatParameter.h">
      <Filter>Заголовочные файлы</Filter>
    </ClInclude>
    <ClInclude Include="client\Replica\CreatureOnCreationVisAction.h">
      <Filter>Заголовочные файлы</Filter>
    </ClInclude>
    <ClInclude Include="client\Replica\CreatureOnParameterChangedAction.h">
      <Filter>Заголовочные файлы</Filter>
    </ClInclude>
    <ClInclude Include="client\Replica\CreatureParalyzeAction.h">
      <Filter>Заголовочные файлы</Filter>
    </ClInclude>
    <ClInclude Include="client\Replica\CreaturePetVisAction.h">
      <Filter>Заголовочные файлы</Filter>
    </ClInclude>
    <ClInclude Include="client\Replica\CreatureProjectileAction.h">
      <Filter>Заголовочные файлы</Filter>
    </ClInclude>
    <ClInclude Include="client\Replica\CreatureReplaceAnimationAction.h">
      <Filter>Заголовочные файлы</Filter>
    </ClInclude>
    <ClInclude Include="client\Replica\CreatureReplaceAnimationsAction.h">
      <Filter>Заголовочные файлы</Filter>
    </ClInclude>
    <ClInclude Include="client\Replica\CreatureRunActionOnSpellTargets.h">
      <Filter>Заголовочные файлы</Filter>
    </ClInclude>
    <ClInclude Include="client\SLON\CreatureRunOnAllAction.h">
      <Filter>Заголовочные файлы</Filter>
    </ClInclude>
    <ClInclude Include="client\Replica\CreatureRunVisActionResource.h">
      <Filter>Заголовочные файлы</Filter>
    </ClInclude>
    <ClInclude Include="client\Replica\CreatureSayAction.h">
      <Filter>Заголовочные файлы</Filter>
    </ClInclude>
    <ClInclude Include="client\Replica\CreatureScaleAction.h">
      <Filter>Заголовочные файлы</Filter>
    </ClInclude>
    <ClInclude Include="client\SLON\CreatureSceneDesaturationAction.h">
      <Filter>Заголовочные файлы</Filter>
    </ClInclude>
    <ClInclude Include="client\Replica\CreatureSetAnimationPropertiesAction.h">
      <Filter>Заголовочные файлы</Filter>
    </ClInclude>
    <ClInclude Include="client\SLON\CreatureSetFlagAction.h">
      <Filter>Заголовочные файлы</Filter>
    </ClInclude>
    <ClInclude Include="client\Replica\CreatureSetFlagVisAction.h">
      <Filter>Заголовочные файлы</Filter>
    </ClInclude>
    <ClInclude Include="client\SLON\CreatureSetPortraitAction.h">
      <Filter>Заголовочные файлы</Filter>
    </ClInclude>
    <ClInclude Include="client\SLON\CreatureSetSwimHeightAction.h">
      <Filter>Заголовочные файлы</Filter>
    </ClInclude>
    <ClInclude Include="client\Replica\CreatureSetTransparencyAction.h">
      <Filter>Заголовочные файлы</Filter>
    </ClInclude>
    <ClInclude Include="client\SLON\CreatureSheathAction.h">
      <Filter>Заголовочные файлы</Filter>
    </ClInclude>
    <ClInclude Include="client\Replica\CreatureShowHaloAction.h">
      <Filter>Заголовочные файлы</Filter>
    </ClInclude>
    <ClInclude Include="client\SLON\CreatureStepSoundParamAction.h">
      <Filter>Заголовочные файлы</Filter>
    </ClInclude>
    <ClInclude Include="client\Replica\CreatureSwitchDistToTargetAction.h">
      <Filter>Заголовочные файлы</Filter>
    </ClInclude>
    <ClInclude Include="client\Replica\CreatureTakeArrowAction.h">
      <Filter>Заголовочные файлы</Filter>
    </ClInclude>
    <ClInclude Include="client\Replica\CreatureTakeBowStringAction.h">
      <Filter>Заголовочные файлы</Filter>
    </ClInclude>
    <ClInclude Include="client\Replica\CreatureThrowArrowAction.h">
      <Filter>Заголовочные файлы</Filter>
    </ClInclude>
    <ClInclude Include="client\Replica\CreatureTimeIntervalChannelPosAction.h">
      <Filter>Заголовочные файлы</Filter>
    </ClInclude>
    <ClInclude Include="client\Replica\CreatureTimeIntervalChannelSpeedAction.h">
      <Filter>Заголовочные файлы</Filter>
    </ClInclude>
    <ClInclude Include="client\Replica\CreatureTimeIntervalEndAnimationAction.h">
      <Filter>Заголовочные файлы</Filter>
    </ClInclude>
    <ClInclude Include="client\Replica\CreatureTrailAction.h">
      <Filter>Заголовочные файлы</Filter>
    </ClInclude>
    <ClInclude Include="client\Replica\CreatureTurnToMainAvatarAction.h">
      <Filter>Заголовочные файлы</Filter>
    </ClInclude>
    <ClInclude Include="client\Replica\CreatureTurnToTargetAction.h">
      <Filter>Заголовочные файлы</Filter>
    </ClInclude>
    <ClInclude Include="client\Replica\CreatureUseIntervalsVisAction.h">
      <Filter>Заголовочные файлы</Filter>
    </ClInclude>
    <ClInclude Include="client\Replica\CreatureVisActionCreateController.h">
      <Filter>Заголовочные файлы</Filter>
    </ClInclude>
    <ClInclude Include="client\Replica\CreatureVisActionIgnoreDisarm.h">
      <Filter>Заголовочные файлы</Filter>
    </ClInclude>
    <ClInclude Include="client\Replica\CreatureVisActionOnSelectableTargets.h">
      <Filter>Заголовочные файлы</Filter>
    </ClInclude>
    <ClInclude Include="client\Replica\CreatureVisActionPlayOnUsedDevice.h">
      <Filter>Заголовочные файлы</Filter>
    </ClInclude>
    <ClInclude Include="client\Replica\DeviceAnimationAction.h">
      <Filter>Заголовочные файлы</Filter>
    </ClInclude>
    <ClInclude Include="client\Replica\DeviceCannonLaunchedAction.h">
      <Filter>Заголовочные файлы</Filter>
    </ClInclude>
    <ClInclude Include="client\Replica\DeviceChannelAction.h">
      <Filter>Заголовочные файлы</Filter>
    </ClInclude>
    <ClInclude Include="client\Replica\DeviceColorAction.h">
      <Filter>Заголовочные файлы</Filter>
    </ClInclude>
    <ClInclude Include="client\Replica\DeviceFixedPointProjectileAction.h">
      <Filter>Заголовочные файлы</Filter>
    </ClInclude>
    <ClInclude Include="client\Replica\DeviceIfFlagVisAction.h">
      <Filter>Заголовочные файлы</Filter>
    </ClInclude>
    <ClInclude Include="client\Replica\DeviceVisActionAutoStop.h">
      <Filter>Заголовочные файлы</Filter>
    </ClInclude>
    <ClInclude Include="client\Replica\DeviceVisActionChangeModel.h">
      <Filter>Заголовочные файлы</Filter>
    </ClInclude>
    <ClInclude Include="client\Replica\DeviceVisActionDelay.h">
      <Filter>Заголовочные файлы</Filter>
    </ClInclude>
    <ClInclude Include="client\Replica\DeviceVisActionList.h">
      <Filter>Заголовочные файлы</Filter>
    </ClInclude>
    <ClInclude Include="client\Replica\DeviceVisActionLoopAction.h">
      <Filter>Заголовочные файлы</Filter>
    </ClInclude>
    <ClInclude Include="client\Replica\DeviceVisEffectsAction.h">
      <Filter>Заголовочные файлы</Filter>
    </ClInclude>
    <ClInclude Include="client\Replica\EntityVisActionIfVisObject.h">
      <Filter>Заголовочные файлы</Filter>
    </ClInclude>
    <ClInclude Include="client\Replica\ShowSceneAction.h">
      <Filter>Заголовочные файлы</Filter>
    </ClInclude>
    <ClInclude Include="client\Replica\Sound3DActionDevice.h">
      <Filter>Заголовочные файлы</Filter>
    </ClInclude>
    <ClInclude Include="client\Replica\CreatureVisActionStartThrow.h">
      <Filter>Заголовочные файлы</Filter>
    </ClInclude>
    <ClInclude Include="client\SLON\CreatureVisObjectComponentsAction.h">
      <Filter>Заголовочные файлы</Filter>
    </ClInclude>
    <ClInclude Include="client\Replica\CreatureWaitReadyAction.h">
      <Filter>Заголовочные файлы</Filter>
    </ClInclude>
    <ClInclude Include="client\Replica\CreatureWaitThrowDurationAction.h">
      <Filter>Заголовочные файлы</Filter>
    </ClInclude>
    <ClInclude Include="client\SLON\DisableNavigationTeleportAction.h">
      <Filter>Заголовочные файлы</Filter>
    </ClInclude>
    <ClInclude Include="client\SLON\HighlightCreatureVisAction.h">
      <Filter>Заголовочные файлы</Filter>
    </ClInclude>
    <ClInclude Include="client\Replica\LooterEmoteAction.h">
      <Filter>Заголовочные файлы</Filter>
    </ClInclude>
    <ClInclude Include="client\Replica\PostEffectVisAction.h">
      <Filter>Заголовочные файлы</Filter>
    </ClInclude>
    <ClInclude Include="client\VisualConstructor\UserPostEffect.h">
      <Filter>Заголовочные файлы</Filter>
    </ClInclude>
    <ClInclude Include="client\SLON\PredicateCreatureFlagAction.h">
      <Filter>Заголовочные файлы</Filter>
    </ClInclude>
    <ClInclude Include="client\Replica\ProceduralEffectVisAction.h">
      <Filter>Заголовочные файлы</Filter>
    </ClInclude>
    <ClInclude Include="client\Replica\ShakeAction.h">
      <Filter>Заголовочные файлы</Filter>
    </ClInclude>
    <ClInclude Include="client\VisualConstructor\CameraShakeParameters.h">
      <Filter>Заголовочные файлы</Filter>
    </ClInclude>
    <ClInclude Include="client\Replica\ShiftAction.h">
      <Filter>Заголовочные файлы</Filter>
    </ClInclude>
    <ClInclude Include="client\Replica\Sound2DAction.h">
      <Filter>Заголовочные файлы</Filter>
    </ClInclude>
    <ClInclude Include="client\Replica\Sound2DMatchAction.h">
      <Filter>Заголовочные файлы</Filter>
    </ClInclude>
    <ClInclude Include="client\Replica\Sound3DAction.h">
      <Filter>Заголовочные файлы</Filter>
    </ClInclude>
    <ClInclude Include="client\Replica\VisActionChangeVisObject.h">
      <Filter>Заголовочные файлы</Filter>
    </ClInclude>
    <ClInclude Include="client\Replica\VisActionDelay.h">
      <Filter>Заголовочные файлы</Filter>
    </ClInclude>
    <ClInclude Include="client\Replica\VisActionList.h">
      <Filter>Заголовочные файлы</Filter>
    </ClInclude>
    <ClInclude Include="client\Replica\VisActionLoopAction.h">
      <Filter>Заголовочные файлы</Filter>
    </ClInclude>
    <ClInclude Include="client\Replica\VisActionRandom.h">
      <Filter>Заголовочные файлы</Filter>
    </ClInclude>
    <ClInclude Include="client\Replica\VisActionRefCounter.h">
      <Filter>Заголовочные файлы</Filter>
    </ClInclude>
    <ClInclude Include="client\Replica\VisActionStopAction.h">
      <Filter>Заголовочные файлы</Filter>
    </ClInclude>
    <ClInclude Include="client\SLON\WeatherCreatureVisAction.h">
      <Filter>Заголовочные файлы</Filter>
    </ClInclude>
    <ClInclude Include="client\VisualConstructor\AreaEffect.h">
      <Filter>Заголовочные файлы</Filter>
    </ClInclude>
    <ClInclude Include="client\Replica\BuffVisScripts.h">
      <Filter>Заголовочные файлы</Filter>
    </ClInclude>
    <ClInclude Include="client\SLON\SlonRoot.h">
      <Filter>Заголовочные файлы</Filter>
    </ClInclude>
  </ItemGroup>
</Project>